// !$*UTF8*$!
{
	archiveVersion = 1;
	classes = {
	};
	objectVersion = 50;
	objects = {

/* Begin PBXBuildFile section */
		335A84EE20D8FF910059EDDE /* AppDelegate.swift in Sources */ = {isa = PBXBuildFile; fileRef = 335A84ED20D8FF910059EDDE /* AppDelegate.swift */; };
		335A84F020D8FF910059EDDE /* ViewController.swift in Sources */ = {isa = PBXBuildFile; fileRef = 335A84EF20D8FF910059EDDE /* ViewController.swift */; };
		335A84F320D8FF910059EDDE /* Main.storyboard in Resources */ = {isa = PBXBuildFile; fileRef = 335A84F120D8FF910059EDDE /* Main.storyboard */; };
		335A84F520D8FF920059EDDE /* Assets.xcassets in Resources */ = {isa = PBXBuildFile; fileRef = 335A84F420D8FF920059EDDE /* Assets.xcassets */; };
		335A84F820D8FF920059EDDE /* LaunchScreen.storyboard in Resources */ = {isa = PBXBuildFile; fileRef = 335A84F620D8FF920059EDDE /* LaunchScreen.storyboard */; };
		335A850320D8FF920059EDDE /* ExamenRecuTests.swift in Sources */ = {isa = PBXBuildFile; fileRef = 335A850220D8FF920059EDDE /* ExamenRecuTests.swift */; };
		335A850E20D8FF920059EDDE /* ExamenRecuUITests.swift in Sources */ = {isa = PBXBuildFile; fileRef = 335A850D20D8FF920059EDDE /* ExamenRecuUITests.swift */; };
		335A851C20D901430059EDDE /* RegisterViewController.swift in Sources */ = {isa = PBXBuildFile; fileRef = 335A851B20D901430059EDDE /* RegisterViewController.swift */; };
		335A851E20D901590059EDDE /* Dataholder.swift in Sources */ = {isa = PBXBuildFile; fileRef = 335A851D20D901590059EDDE /* Dataholder.swift */; };
		335A852020D90D7A0059EDDE /* GoogleService-Info.plist in Resources */ = {isa = PBXBuildFile; fileRef = 335A851F20D90D660059EDDE /* GoogleService-Info.plist */; };
		5F5D0ADB15D23FFEDCFF3D92 /* Pods_ExamenRecuTests.framework in Frameworks */ = {isa = PBXBuildFile; fileRef = CF0383E04B74F78CA28926C7 /* Pods_ExamenRecuTests.framework */; };
		7228DCE50BC4BE21FA8413C0 /* Pods_ExamenRecu.framework in Frameworks */ = {isa = PBXBuildFile; fileRef = BB4D8EC9362828ADB3D58A17 /* Pods_ExamenRecu.framework */; };
		9158DB8473B7E81EA7899E2C /* Pods_ExamenRecuUITests.framework in Frameworks */ = {isa = PBXBuildFile; fileRef = 5F99635A39A41C148DCD7864 /* Pods_ExamenRecuUITests.framework */; };
/* End PBXBuildFile section */

/* Begin PBXContainerItemProxy section */
		335A84FF20D8FF920059EDDE /* PBXContainerItemProxy */ = {
			isa = PBXContainerItemProxy;
			containerPortal = 335A84E220D8FF910059EDDE /* Project object */;
			proxyType = 1;
			remoteGlobalIDString = 335A84E920D8FF910059EDDE;
			remoteInfo = ExamenRecu;
		};
		335A850A20D8FF920059EDDE /* PBXContainerItemProxy */ = {
			isa = PBXContainerItemProxy;
			containerPortal = 335A84E220D8FF910059EDDE /* Project object */;
			proxyType = 1;
			remoteGlobalIDString = 335A84E920D8FF910059EDDE;
			remoteInfo = ExamenRecu;
		};
/* End PBXContainerItemProxy section */

/* Begin PBXFileReference section */
		0FC2FAD42420E227DE1F94DB /* Pods-ExamenRecu.debug.xcconfig */ = {isa = PBXFileReference; includeInIndex = 1; lastKnownFileType = text.xcconfig; name = "Pods-ExamenRecu.debug.xcconfig"; path = "Pods/Target Support Files/Pods-ExamenRecu/Pods-ExamenRecu.debug.xcconfig"; sourceTree = "<group>"; };
		335A84EA20D8FF910059EDDE /* ExamenRecu.app */ = {isa = PBXFileReference; explicitFileType = wrapper.application; includeInIndex = 0; path = ExamenRecu.app; sourceTree = BUILT_PRODUCTS_DIR; };
		335A84ED20D8FF910059EDDE /* AppDelegate.swift */ = {isa = PBXFileReference; lastKnownFileType = sourcecode.swift; path = AppDelegate.swift; sourceTree = "<group>"; };
		335A84EF20D8FF910059EDDE /* ViewController.swift */ = {isa = PBXFileReference; lastKnownFileType = sourcecode.swift; path = ViewController.swift; sourceTree = "<group>"; };
		335A84F220D8FF910059EDDE /* Base */ = {isa = PBXFileReference; lastKnownFileType = file.storyboard; name = Base; path = Base.lproj/Main.storyboard; sourceTree = "<group>"; };
		335A84F420D8FF920059EDDE /* Assets.xcassets */ = {isa = PBXFileReference; lastKnownFileType = folder.assetcatalog; path = Assets.xcassets; sourceTree = "<group>"; };
		335A84F720D8FF920059EDDE /* Base */ = {isa = PBXFileReference; lastKnownFileType = file.storyboard; name = Base; path = Base.lproj/LaunchScreen.storyboard; sourceTree = "<group>"; };
		335A84F920D8FF920059EDDE /* Info.plist */ = {isa = PBXFileReference; lastKnownFileType = text.plist.xml; path = Info.plist; sourceTree = "<group>"; };
		335A84FE20D8FF920059EDDE /* ExamenRecuTests.xctest */ = {isa = PBXFileReference; explicitFileType = wrapper.cfbundle; includeInIndex = 0; path = ExamenRecuTests.xctest; sourceTree = BUILT_PRODUCTS_DIR; };
		335A850220D8FF920059EDDE /* ExamenRecuTests.swift */ = {isa = PBXFileReference; lastKnownFileType = sourcecode.swift; path = ExamenRecuTests.swift; sourceTree = "<group>"; };
		335A850420D8FF920059EDDE /* Info.plist */ = {isa = PBXFileReference; lastKnownFileType = text.plist.xml; path = Info.plist; sourceTree = "<group>"; };
		335A850920D8FF920059EDDE /* ExamenRecuUITests.xctest */ = {isa = PBXFileReference; explicitFileType = wrapper.cfbundle; includeInIndex = 0; path = ExamenRecuUITests.xctest; sourceTree = BUILT_PRODUCTS_DIR; };
		335A850D20D8FF920059EDDE /* ExamenRecuUITests.swift */ = {isa = PBXFileReference; lastKnownFileType = sourcecode.swift; path = ExamenRecuUITests.swift; sourceTree = "<group>"; };
		335A850F20D8FF920059EDDE /* Info.plist */ = {isa = PBXFileReference; lastKnownFileType = text.plist.xml; path = Info.plist; sourceTree = "<group>"; };
		335A851B20D901430059EDDE /* RegisterViewController.swift */ = {isa = PBXFileReference; lastKnownFileType = sourcecode.swift; path = RegisterViewController.swift; sourceTree = "<group>"; };
		335A851D20D901590059EDDE /* Dataholder.swift */ = {isa = PBXFileReference; lastKnownFileType = sourcecode.swift; path = Dataholder.swift; sourceTree = "<group>"; };
		335A851F20D90D660059EDDE /* GoogleService-Info.plist */ = {isa = PBXFileReference; fileEncoding = 4; lastKnownFileType = text.plist.xml; name = "GoogleService-Info.plist"; path = "../../../Downloads/GoogleService-Info.plist"; sourceTree = "<group>"; };
		5F99635A39A41C148DCD7864 /* Pods_ExamenRecuUITests.framework */ = {isa = PBXFileReference; explicitFileType = wrapper.framework; includeInIndex = 0; path = Pods_ExamenRecuUITests.framework; sourceTree = BUILT_PRODUCTS_DIR; };
		63ADEDEA3C7714226B51D68D /* Pods-ExamenRecuUITests.debug.xcconfig */ = {isa = PBXFileReference; includeInIndex = 1; lastKnownFileType = text.xcconfig; name = "Pods-ExamenRecuUITests.debug.xcconfig"; path = "Pods/Target Support Files/Pods-ExamenRecuUITests/Pods-ExamenRecuUITests.debug.xcconfig"; sourceTree = "<group>"; };
		772CF02D7125FED962ADC187 /* Pods-ExamenRecuTests.release.xcconfig */ = {isa = PBXFileReference; includeInIndex = 1; lastKnownFileType = text.xcconfig; name = "Pods-ExamenRecuTests.release.xcconfig"; path = "Pods/Target Support Files/Pods-ExamenRecuTests/Pods-ExamenRecuTests.release.xcconfig"; sourceTree = "<group>"; };
		89F7BEE929ACF4109B8A0449 /* Pods-ExamenRecu.release.xcconfig */ = {isa = PBXFileReference; includeInIndex = 1; lastKnownFileType = text.xcconfig; name = "Pods-ExamenRecu.release.xcconfig"; path = "Pods/Target Support Files/Pods-ExamenRecu/Pods-ExamenRecu.release.xcconfig"; sourceTree = "<group>"; };
		96ED6ED30EA522EC6841BDAF /* Pods-ExamenRecuTests.debug.xcconfig */ = {isa = PBXFileReference; includeInIndex = 1; lastKnownFileType = text.xcconfig; name = "Pods-ExamenRecuTests.debug.xcconfig"; path = "Pods/Target Support Files/Pods-ExamenRecuTests/Pods-ExamenRecuTests.debug.xcconfig"; sourceTree = "<group>"; };
		B638CBBB29CB20558729770F /* Pods-ExamenRecuUITests.release.xcconfig */ = {isa = PBXFileReference; includeInIndex = 1; lastKnownFileType = text.xcconfig; name = "Pods-ExamenRecuUITests.release.xcconfig"; path = "Pods/Target Support Files/Pods-ExamenRecuUITests/Pods-ExamenRecuUITests.release.xcconfig"; sourceTree = "<group>"; };
		BB4D8EC9362828ADB3D58A17 /* Pods_ExamenRecu.framework */ = {isa = PBXFileReference; explicitFileType = wrapper.framework; includeInIndex = 0; path = Pods_ExamenRecu.framework; sourceTree = BUILT_PRODUCTS_DIR; };
		CF0383E04B74F78CA28926C7 /* Pods_ExamenRecuTests.framework */ = {isa = PBXFileReference; explicitFileType = wrapper.framework; includeInIndex = 0; path = Pods_ExamenRecuTests.framework; sourceTree = BUILT_PRODUCTS_DIR; };
/* End PBXFileReference section */

/* Begin PBXFrameworksBuildPhase section */
		335A84E720D8FF910059EDDE /* Frameworks */ = {
			isa = PBXFrameworksBuildPhase;
			buildActionMask = 2147483647;
			files = (
				7228DCE50BC4BE21FA8413C0 /* Pods_ExamenRecu.framework in Frameworks */,
			);
			runOnlyForDeploymentPostprocessing = 0;
		};
		335A84FB20D8FF920059EDDE /* Frameworks */ = {
			isa = PBXFrameworksBuildPhase;
			buildActionMask = 2147483647;
			files = (
				5F5D0ADB15D23FFEDCFF3D92 /* Pods_ExamenRecuTests.framework in Frameworks */,
			);
			runOnlyForDeploymentPostprocessing = 0;
		};
		335A850620D8FF920059EDDE /* Frameworks */ = {
			isa = PBXFrameworksBuildPhase;
			buildActionMask = 2147483647;
			files = (
				9158DB8473B7E81EA7899E2C /* Pods_ExamenRecuUITests.framework in Frameworks */,
			);
			runOnlyForDeploymentPostprocessing = 0;
		};
/* End PBXFrameworksBuildPhase section */

/* Begin PBXGroup section */
		1D1CF7D059F8FC4A87A9C159 /* Pods */ = {
			isa = PBXGroup;
			children = (
				0FC2FAD42420E227DE1F94DB /* Pods-ExamenRecu.debug.xcconfig */,
				89F7BEE929ACF4109B8A0449 /* Pods-ExamenRecu.release.xcconfig */,
				96ED6ED30EA522EC6841BDAF /* Pods-ExamenRecuTests.debug.xcconfig */,
				772CF02D7125FED962ADC187 /* Pods-ExamenRecuTests.release.xcconfig */,
				63ADEDEA3C7714226B51D68D /* Pods-ExamenRecuUITests.debug.xcconfig */,
				B638CBBB29CB20558729770F /* Pods-ExamenRecuUITests.release.xcconfig */,
			);
			name = Pods;
			sourceTree = "<group>";
		};
		2E81332655015D06FFDCB75C /* Frameworks */ = {
			isa = PBXGroup;
			children = (
				BB4D8EC9362828ADB3D58A17 /* Pods_ExamenRecu.framework */,
				CF0383E04B74F78CA28926C7 /* Pods_ExamenRecuTests.framework */,
				5F99635A39A41C148DCD7864 /* Pods_ExamenRecuUITests.framework */,
			);
			name = Frameworks;
			sourceTree = "<group>";
		};
		335A84E120D8FF910059EDDE = {
			isa = PBXGroup;
			children = (
				335A84EC20D8FF910059EDDE /* ExamenRecu */,
				335A850120D8FF920059EDDE /* ExamenRecuTests */,
				335A850C20D8FF920059EDDE /* ExamenRecuUITests */,
				335A84EB20D8FF910059EDDE /* Products */,
				1D1CF7D059F8FC4A87A9C159 /* Pods */,
				2E81332655015D06FFDCB75C /* Frameworks */,
			);
			sourceTree = "<group>";
		};
		335A84EB20D8FF910059EDDE /* Products */ = {
			isa = PBXGroup;
			children = (
				335A84EA20D8FF910059EDDE /* ExamenRecu.app */,
				335A84FE20D8FF920059EDDE /* ExamenRecuTests.xctest */,
				335A850920D8FF920059EDDE /* ExamenRecuUITests.xctest */,
			);
			name = Products;
			sourceTree = "<group>";
		};
		335A84EC20D8FF910059EDDE /* ExamenRecu */ = {
			isa = PBXGroup;
			children = (
				335A84ED20D8FF910059EDDE /* AppDelegate.swift */,
				335A84EF20D8FF910059EDDE /* ViewController.swift */,
				335A84F120D8FF910059EDDE /* Main.storyboard */,
				335A84F420D8FF920059EDDE /* Assets.xcassets */,
				335A84F620D8FF920059EDDE /* LaunchScreen.storyboard */,
				335A851D20D901590059EDDE /* Dataholder.swift */,
				335A84F920D8FF920059EDDE /* Info.plist */,
				335A851F20D90D660059EDDE /* GoogleService-Info.plist */,
				335A851B20D901430059EDDE /* RegisterViewController.swift */,
			);
			path = ExamenRecu;
			sourceTree = "<group>";
		};
		335A850120D8FF920059EDDE /* ExamenRecuTests */ = {
			isa = PBXGroup;
			children = (
				335A850220D8FF920059EDDE /* ExamenRecuTests.swift */,
				335A850420D8FF920059EDDE /* Info.plist */,
			);
			path = ExamenRecuTests;
			sourceTree = "<group>";
		};
		335A850C20D8FF920059EDDE /* ExamenRecuUITests */ = {
			isa = PBXGroup;
			children = (
				335A850D20D8FF920059EDDE /* ExamenRecuUITests.swift */,
				335A850F20D8FF920059EDDE /* Info.plist */,
			);
			path = ExamenRecuUITests;
			sourceTree = "<group>";
		};
/* End PBXGroup section */

/* Begin PBXNativeTarget section */
		335A84E920D8FF910059EDDE /* ExamenRecu */ = {
			isa = PBXNativeTarget;
			buildConfigurationList = 335A851220D8FF920059EDDE /* Build configuration list for PBXNativeTarget "ExamenRecu" */;
			buildPhases = (
				A0BB9BD84B3A8673689BD9AA /* [CP] Check Pods Manifest.lock */,
				335A84E620D8FF910059EDDE /* Sources */,
				335A84E720D8FF910059EDDE /* Frameworks */,
				335A84E820D8FF910059EDDE /* Resources */,
				FDD32CEF797FCD246705D4FC /* [CP] Embed Pods Frameworks */,
				63F66F7B7FD210A1064A351F /* [CP] Copy Pods Resources */,
			);
			buildRules = (
			);
			dependencies = (
			);
			name = ExamenRecu;
			productName = ExamenRecu;
			productReference = 335A84EA20D8FF910059EDDE /* ExamenRecu.app */;
			productType = "com.apple.product-type.application";
		};
		335A84FD20D8FF920059EDDE /* ExamenRecuTests */ = {
			isa = PBXNativeTarget;
			buildConfigurationList = 335A851520D8FF920059EDDE /* Build configuration list for PBXNativeTarget "ExamenRecuTests" */;
			buildPhases = (
				AD351AB60FBB3DD7BAD18C46 /* [CP] Check Pods Manifest.lock */,
				335A84FA20D8FF920059EDDE /* Sources */,
				335A84FB20D8FF920059EDDE /* Frameworks */,
				335A84FC20D8FF920059EDDE /* Resources */,
				CA368DB951C827E721804BDF /* [CP] Embed Pods Frameworks */,
				081536ED7BC61A7B0DF10839 /* [CP] Copy Pods Resources */,
			);
			buildRules = (
			);
			dependencies = (
				335A850020D8FF920059EDDE /* PBXTargetDependency */,
			);
			name = ExamenRecuTests;
			productName = ExamenRecuTests;
			productReference = 335A84FE20D8FF920059EDDE /* ExamenRecuTests.xctest */;
			productType = "com.apple.product-type.bundle.unit-test";
		};
		335A850820D8FF920059EDDE /* ExamenRecuUITests */ = {
			isa = PBXNativeTarget;
			buildConfigurationList = 335A851820D8FF920059EDDE /* Build configuration list for PBXNativeTarget "ExamenRecuUITests" */;
			buildPhases = (
				3D0060395E9D40E72334BD9D /* [CP] Check Pods Manifest.lock */,
				335A850520D8FF920059EDDE /* Sources */,
				335A850620D8FF920059EDDE /* Frameworks */,
				335A850720D8FF920059EDDE /* Resources */,
				19451E56BAEE5A89F271CADF /* [CP] Embed Pods Frameworks */,
				D86DF014EBA3CE5FBEB659C4 /* [CP] Copy Pods Resources */,
			);
			buildRules = (
			);
			dependencies = (
				335A850B20D8FF920059EDDE /* PBXTargetDependency */,
			);
			name = ExamenRecuUITests;
			productName = ExamenRecuUITests;
			productReference = 335A850920D8FF920059EDDE /* ExamenRecuUITests.xctest */;
			productType = "com.apple.product-type.bundle.ui-testing";
		};
/* End PBXNativeTarget section */

/* Begin PBXProject section */
		335A84E220D8FF910059EDDE /* Project object */ = {
			isa = PBXProject;
			attributes = {
				LastSwiftUpdateCheck = 0930;
				LastUpgradeCheck = 0930;
				ORGANIZATIONNAME = "LUCAS PAJARES PRIETO";
				TargetAttributes = {
					335A84E920D8FF910059EDDE = {
						CreatedOnToolsVersion = 9.3;
					};
					335A84FD20D8FF920059EDDE = {
						CreatedOnToolsVersion = 9.3;
						TestTargetID = 335A84E920D8FF910059EDDE;
					};
					335A850820D8FF920059EDDE = {
						CreatedOnToolsVersion = 9.3;
						TestTargetID = 335A84E920D8FF910059EDDE;
					};
				};
			};
			buildConfigurationList = 335A84E520D8FF910059EDDE /* Build configuration list for PBXProject "ExamenRecu" */;
			compatibilityVersion = "Xcode 9.3";
			developmentRegion = en;
			hasScannedForEncodings = 0;
			knownRegions = (
				en,
				Base,
			);
			mainGroup = 335A84E120D8FF910059EDDE;
			productRefGroup = 335A84EB20D8FF910059EDDE /* Products */;
			projectDirPath = "";
			projectRoot = "";
			targets = (
				335A84E920D8FF910059EDDE /* ExamenRecu */,
				335A84FD20D8FF920059EDDE /* ExamenRecuTests */,
				335A850820D8FF920059EDDE /* ExamenRecuUITests */,
			);
		};
/* End PBXProject section */

/* Begin PBXResourcesBuildPhase section */
		335A84E820D8FF910059EDDE /* Resources */ = {
			isa = PBXResourcesBuildPhase;
			buildActionMask = 2147483647;
			files = (
				335A84F820D8FF920059EDDE /* LaunchScreen.storyboard in Resources */,
				335A852020D90D7A0059EDDE /* GoogleService-Info.plist in Resources */,
				335A84F520D8FF920059EDDE /* Assets.xcassets in Resources */,
				335A84F320D8FF910059EDDE /* Main.storyboard in Resources */,
			);
			runOnlyForDeploymentPostprocessing = 0;
		};
		335A84FC20D8FF920059EDDE /* Resources */ = {
			isa = PBXResourcesBuildPhase;
			buildActionMask = 2147483647;
			files = (
			);
			runOnlyForDeploymentPostprocessing = 0;
		};
		335A850720D8FF920059EDDE /* Resources */ = {
			isa = PBXResourcesBuildPhase;
			buildActionMask = 2147483647;
			files = (
			);
			runOnlyForDeploymentPostprocessing = 0;
		};
/* End PBXResourcesBuildPhase section */

/* Begin PBXShellScriptBuildPhase section */
		081536ED7BC61A7B0DF10839 /* [CP] Copy Pods Resources */ = {
			isa = PBXShellScriptBuildPhase;
			buildActionMask = 2147483647;
			files = (
			);
			inputPaths = (
			);
			name = "[CP] Copy Pods Resources";
			outputPaths = (
			);
			runOnlyForDeploymentPostprocessing = 0;
			shellPath = /bin/sh;
			shellScript = "\"${SRCROOT}/Pods/Target Support Files/Pods-ExamenRecuTests/Pods-ExamenRecuTests-resources.sh\"\n";
			showEnvVarsInLog = 0;
		};
		19451E56BAEE5A89F271CADF /* [CP] Embed Pods Frameworks */ = {
			isa = PBXShellScriptBuildPhase;
			buildActionMask = 2147483647;
			files = (
			);
			inputPaths = (
			);
			name = "[CP] Embed Pods Frameworks";
			outputPaths = (
			);
			runOnlyForDeploymentPostprocessing = 0;
			shellPath = /bin/sh;
			shellScript = "\"${SRCROOT}/Pods/Target Support Files/Pods-ExamenRecuUITests/Pods-ExamenRecuUITests-frameworks.sh\"\n";
			showEnvVarsInLog = 0;
		};
		3D0060395E9D40E72334BD9D /* [CP] Check Pods Manifest.lock */ = {
			isa = PBXShellScriptBuildPhase;
			buildActionMask = 2147483647;
			files = (
			);
			inputPaths = (
				"${PODS_PODFILE_DIR_PATH}/Podfile.lock",
				"${PODS_ROOT}/Manifest.lock",
			);
			name = "[CP] Check Pods Manifest.lock";
			outputPaths = (
				"$(DERIVED_FILE_DIR)/Pods-ExamenRecuUITests-checkManifestLockResult.txt",
			);
			runOnlyForDeploymentPostprocessing = 0;
			shellPath = /bin/sh;
			shellScript = "diff \"${PODS_PODFILE_DIR_PATH}/Podfile.lock\" \"${PODS_ROOT}/Manifest.lock\" > /dev/null\nif [ $? != 0 ] ; then\n    # print error to STDERR\n    echo \"error: The sandbox is not in sync with the Podfile.lock. Run 'pod install' or update your CocoaPods installation.\" >&2\n    exit 1\nfi\n# This output is used by Xcode 'outputs' to avoid re-running this script phase.\necho \"SUCCESS\" > \"${SCRIPT_OUTPUT_FILE_0}\"\n";
			showEnvVarsInLog = 0;
		};
		63F66F7B7FD210A1064A351F /* [CP] Copy Pods Resources */ = {
			isa = PBXShellScriptBuildPhase;
			buildActionMask = 2147483647;
			files = (
			);
			inputPaths = (
			);
			name = "[CP] Copy Pods Resources";
			outputPaths = (
			);
			runOnlyForDeploymentPostprocessing = 0;
			shellPath = /bin/sh;
			shellScript = "\"${SRCROOT}/Pods/Target Support Files/Pods-ExamenRecu/Pods-ExamenRecu-resources.sh\"\n";
			showEnvVarsInLog = 0;
		};
		A0BB9BD84B3A8673689BD9AA /* [CP] Check Pods Manifest.lock */ = {
			isa = PBXShellScriptBuildPhase;
			buildActionMask = 2147483647;
			files = (
			);
			inputPaths = (
				"${PODS_PODFILE_DIR_PATH}/Podfile.lock",
				"${PODS_ROOT}/Manifest.lock",
			);
			name = "[CP] Check Pods Manifest.lock";
			outputPaths = (
				"$(DERIVED_FILE_DIR)/Pods-ExamenRecu-checkManifestLockResult.txt",
			);
			runOnlyForDeploymentPostprocessing = 0;
			shellPath = /bin/sh;
			shellScript = "diff \"${PODS_PODFILE_DIR_PATH}/Podfile.lock\" \"${PODS_ROOT}/Manifest.lock\" > /dev/null\nif [ $? != 0 ] ; then\n    # print error to STDERR\n    echo \"error: The sandbox is not in sync with the Podfile.lock. Run 'pod install' or update your CocoaPods installation.\" >&2\n    exit 1\nfi\n# This output is used by Xcode 'outputs' to avoid re-running this script phase.\necho \"SUCCESS\" > \"${SCRIPT_OUTPUT_FILE_0}\"\n";
			showEnvVarsInLog = 0;
		};
		AD351AB60FBB3DD7BAD18C46 /* [CP] Check Pods Manifest.lock */ = {
			isa = PBXShellScriptBuildPhase;
			buildActionMask = 2147483647;
			files = (
			);
			inputPaths = (
				"${PODS_PODFILE_DIR_PATH}/Podfile.lock",
				"${PODS_ROOT}/Manifest.lock",
			);
			name = "[CP] Check Pods Manifest.lock";
			outputPaths = (
				"$(DERIVED_FILE_DIR)/Pods-ExamenRecuTests-checkManifestLockResult.txt",
			);
			runOnlyForDeploymentPostprocessing = 0;
			shellPath = /bin/sh;
			shellScript = "diff \"${PODS_PODFILE_DIR_PATH}/Podfile.lock\" \"${PODS_ROOT}/Manifest.lock\" > /dev/null\nif [ $? != 0 ] ; then\n    # print error to STDERR\n    echo \"error: The sandbox is not in sync with the Podfile.lock. Run 'pod install' or update your CocoaPods installation.\" >&2\n    exit 1\nfi\n# This output is used by Xcode 'outputs' to avoid re-running this script phase.\necho \"SUCCESS\" > \"${SCRIPT_OUTPUT_FILE_0}\"\n";
			showEnvVarsInLog = 0;
		};
		CA368DB951C827E721804BDF /* [CP] Embed Pods Frameworks */ = {
			isa = PBXShellScriptBuildPhase;
			buildActionMask = 2147483647;
			files = (
			);
			inputPaths = (
			);
			name = "[CP] Embed Pods Frameworks";
			outputPaths = (
			);
			runOnlyForDeploymentPostprocessing = 0;
			shellPath = /bin/sh;
			shellScript = "\"${SRCROOT}/Pods/Target Support Files/Pods-ExamenRecuTests/Pods-ExamenRecuTests-frameworks.sh\"\n";
			showEnvVarsInLog = 0;
		};
		D86DF014EBA3CE5FBEB659C4 /* [CP] Copy Pods Resources */ = {
			isa = PBXShellScriptBuildPhase;
			buildActionMask = 2147483647;
			files = (
			);
			inputPaths = (
			);
			name = "[CP] Copy Pods Resources";
			outputPaths = (
			);
			runOnlyForDeploymentPostprocessing = 0;
			shellPath = /bin/sh;
			shellScript = "\"${SRCROOT}/Pods/Target Support Files/Pods-ExamenRecuUITests/Pods-ExamenRecuUITests-resources.sh\"\n";
			showEnvVarsInLog = 0;
		};
		FDD32CEF797FCD246705D4FC /* [CP] Embed Pods Frameworks */ = {
			isa = PBXShellScriptBuildPhase;
			buildActionMask = 2147483647;
			files = (
			);
			inputPaths = (
				"${SRCROOT}/Pods/Target Support Files/Pods-ExamenRecu/Pods-ExamenRecu-frameworks.sh",
				"${BUILT_PRODUCTS_DIR}/BoringSSL/openssl.framework",
				"${BUILT_PRODUCTS_DIR}/GTMSessionFetcher/GTMSessionFetcher.framework",
				"${BUILT_PRODUCTS_DIR}/GoogleToolboxForMac/GoogleToolboxForMac.framework",
				"${BUILT_PRODUCTS_DIR}/Protobuf/Protobuf.framework",
				"${BUILT_PRODUCTS_DIR}/gRPC/GRPCClient.framework",
				"${BUILT_PRODUCTS_DIR}/gRPC-Core/grpc.framework",
				"${BUILT_PRODUCTS_DIR}/gRPC-ProtoRPC/ProtoRPC.framework",
				"${BUILT_PRODUCTS_DIR}/gRPC-RxLibrary/RxLibrary.framework",
				"${BUILT_PRODUCTS_DIR}/leveldb-library/leveldb.framework",
				"${BUILT_PRODUCTS_DIR}/nanopb/nanopb.framework",
			);
			name = "[CP] Embed Pods Frameworks";
			outputPaths = (
				"${TARGET_BUILD_DIR}/${FRAMEWORKS_FOLDER_PATH}/openssl.framework",
				"${TARGET_BUILD_DIR}/${FRAMEWORKS_FOLDER_PATH}/GTMSessionFetcher.framework",
				"${TARGET_BUILD_DIR}/${FRAMEWORKS_FOLDER_PATH}/GoogleToolboxForMac.framework",
				"${TARGET_BUILD_DIR}/${FRAMEWORKS_FOLDER_PATH}/Protobuf.framework",
				"${TARGET_BUILD_DIR}/${FRAMEWORKS_FOLDER_PATH}/GRPCClient.framework",
				"${TARGET_BUILD_DIR}/${FRAMEWORKS_FOLDER_PATH}/grpc.framework",
				"${TARGET_BUILD_DIR}/${FRAMEWORKS_FOLDER_PATH}/ProtoRPC.framework",
				"${TARGET_BUILD_DIR}/${FRAMEWORKS_FOLDER_PATH}/RxLibrary.framework",
				"${TARGET_BUILD_DIR}/${FRAMEWORKS_FOLDER_PATH}/leveldb.framework",
				"${TARGET_BUILD_DIR}/${FRAMEWORKS_FOLDER_PATH}/nanopb.framework",
			);
			runOnlyForDeploymentPostprocessing = 0;
			shellPath = /bin/sh;
			shellScript = "\"${SRCROOT}/Pods/Target Support Files/Pods-ExamenRecu/Pods-ExamenRecu-frameworks.sh\"\n";
			showEnvVarsInLog = 0;
		};
/* End PBXShellScriptBuildPhase section */

/* Begin PBXSourcesBuildPhase section */
		335A84E620D8FF910059EDDE /* Sources */ = {
			isa = PBXSourcesBuildPhase;
			buildActionMask = 2147483647;
			files = (
				335A851C20D901430059EDDE /* RegisterViewController.swift in Sources */,
				335A84F020D8FF910059EDDE /* ViewController.swift in Sources */,
				335A84EE20D8FF910059EDDE /* AppDelegate.swift in Sources */,
				335A851E20D901590059EDDE /* Dataholder.swift in Sources */,
			);
			runOnlyForDeploymentPostprocessing = 0;
		};
		335A84FA20D8FF920059EDDE /* Sources */ = {
			isa = PBXSourcesBuildPhase;
			buildActionMask = 2147483647;
			files = (
				335A850320D8FF920059EDDE /* ExamenRecuTests.swift in Sources */,
			);
			runOnlyForDeploymentPostprocessing = 0;
		};
		335A850520D8FF920059EDDE /* Sources */ = {
			isa = PBXSourcesBuildPhase;
			buildActionMask = 2147483647;
			files = (
				335A850E20D8FF920059EDDE /* ExamenRecuUITests.swift in Sources */,
			);
			runOnlyForDeploymentPostprocessing = 0;
		};
/* End PBXSourcesBuildPhase section */

/* Begin PBXTargetDependency section */
		335A850020D8FF920059EDDE /* PBXTargetDependency */ = {
			isa = PBXTargetDependency;
			target = 335A84E920D8FF910059EDDE /* ExamenRecu */;
			targetProxy = 335A84FF20D8FF920059EDDE /* PBXContainerItemProxy */;
		};
		335A850B20D8FF920059EDDE /* PBXTargetDependency */ = {
			isa = PBXTargetDependency;
			target = 335A84E920D8FF910059EDDE /* ExamenRecu */;
			targetProxy = 335A850A20D8FF920059EDDE /* PBXContainerItemProxy */;
		};
/* End PBXTargetDependency section */

/* Begin PBXVariantGroup section */
		335A84F120D8FF910059EDDE /* Main.storyboard */ = {
			isa = PBXVariantGroup;
			children = (
				335A84F220D8FF910059EDDE /* Base */,
			);
			name = Main.storyboard;
			sourceTree = "<group>";
		};
		335A84F620D8FF920059EDDE /* LaunchScreen.storyboard */ = {
			isa = PBXVariantGroup;
			children = (
				335A84F720D8FF920059EDDE /* Base */,
			);
			name = LaunchScreen.storyboard;
			sourceTree = "<group>";
		};
/* End PBXVariantGroup section */

/* Begin XCBuildConfiguration section */
		335A851020D8FF920059EDDE /* Debug */ = {
			isa = XCBuildConfiguration;
			buildSettings = {
				ALWAYS_SEARCH_USER_PATHS = NO;
				CLANG_ANALYZER_NONNULL = YES;
				CLANG_ANALYZER_NUMBER_OBJECT_CONVERSION = YES_AGGRESSIVE;
				CLANG_CXX_LANGUAGE_STANDARD = "gnu++14";
				CLANG_CXX_LIBRARY = "libc++";
				CLANG_ENABLE_MODULES = YES;
				CLANG_ENABLE_OBJC_ARC = YES;
				CLANG_ENABLE_OBJC_WEAK = YES;
				CLANG_WARN_BLOCK_CAPTURE_AUTORELEASING = YES;
				CLANG_WARN_BOOL_CONVERSION = YES;
				CLANG_WARN_COMMA = YES;
				CLANG_WARN_CONSTANT_CONVERSION = YES;
				CLANG_WARN_DEPRECATED_OBJC_IMPLEMENTATIONS = YES;
				CLANG_WARN_DIRECT_OBJC_ISA_USAGE = YES_ERROR;
				CLANG_WARN_DOCUMENTATION_COMMENTS = YES;
				CLANG_WARN_EMPTY_BODY = YES;
				CLANG_WARN_ENUM_CONVERSION = YES;
				CLANG_WARN_INFINITE_RECURSION = YES;
				CLANG_WARN_INT_CONVERSION = YES;
				CLANG_WARN_NON_LITERAL_NULL_CONVERSION = YES;
				CLANG_WARN_OBJC_IMPLICIT_RETAIN_SELF = YES;
				CLANG_WARN_OBJC_LITERAL_CONVERSION = YES;
				CLANG_WARN_OBJC_ROOT_CLASS = YES_ERROR;
				CLANG_WARN_RANGE_LOOP_ANALYSIS = YES;
				CLANG_WARN_STRICT_PROTOTYPES = YES;
				CLANG_WARN_SUSPICIOUS_MOVE = YES;
				CLANG_WARN_UNGUARDED_AVAILABILITY = YES_AGGRESSIVE;
				CLANG_WARN_UNREACHABLE_CODE = YES;
				CLANG_WARN__DUPLICATE_METHOD_MATCH = YES;
				CODE_SIGN_IDENTITY = "iPhone Developer";
				COPY_PHASE_STRIP = NO;
				DEBUG_INFORMATION_FORMAT = dwarf;
				ENABLE_STRICT_OBJC_MSGSEND = YES;
				ENABLE_TESTABILITY = YES;
				GCC_C_LANGUAGE_STANDARD = gnu11;
				GCC_DYNAMIC_NO_PIC = NO;
				GCC_NO_COMMON_BLOCKS = YES;
				GCC_OPTIMIZATION_LEVEL = 0;
				GCC_PREPROCESSOR_DEFINITIONS = (
					"DEBUG=1",
					"$(inherited)",
				);
				GCC_WARN_64_TO_32_BIT_CONVERSION = YES;
				GCC_WARN_ABOUT_RETURN_TYPE = YES_ERROR;
				GCC_WARN_UNDECLARED_SELECTOR = YES;
				GCC_WARN_UNINITIALIZED_AUTOS = YES_AGGRESSIVE;
				GCC_WARN_UNUSED_FUNCTION = YES;
				GCC_WARN_UNUSED_VARIABLE = YES;
				IPHONEOS_DEPLOYMENT_TARGET = 11.3;
				MTL_ENABLE_DEBUG_INFO = YES;
				ONLY_ACTIVE_ARCH = YES;
				SDKROOT = iphoneos;
				SWIFT_ACTIVE_COMPILATION_CONDITIONS = DEBUG;
				SWIFT_OPTIMIZATION_LEVEL = "-Onone";
			};
			name = Debug;
		};
		335A851120D8FF920059EDDE /* Release */ = {
			isa = XCBuildConfiguration;
			buildSettings = {
				ALWAYS_SEARCH_USER_PATHS = NO;
				CLANG_ANALYZER_NONNULL = YES;
				CLANG_ANALYZER_NUMBER_OBJECT_CONVERSION = YES_AGGRESSIVE;
				CLANG_CXX_LANGUAGE_STANDARD = "gnu++14";
				CLANG_CXX_LIBRARY = "libc++";
				CLANG_ENABLE_MODULES = YES;
				CLANG_ENABLE_OBJC_ARC = YES;
				CLANG_ENABLE_OBJC_WEAK = YES;
				CLANG_WARN_BLOCK_CAPTURE_AUTORELEASING = YES;
				CLANG_WARN_BOOL_CONVERSION = YES;
				CLANG_WARN_COMMA = YES;
				CLANG_WARN_CONSTANT_CONVERSION = YES;
				CLANG_WARN_DEPRECATED_OBJC_IMPLEMENTATIONS = YES;
				CLANG_WARN_DIRECT_OBJC_ISA_USAGE = YES_ERROR;
				CLANG_WARN_DOCUMENTATION_COMMENTS = YES;
				CLANG_WARN_EMPTY_BODY = YES;
				CLANG_WARN_ENUM_CONVERSION = YES;
				CLANG_WARN_INFINITE_RECURSION = YES;
				CLANG_WARN_INT_CONVERSION = YES;
				CLANG_WARN_NON_LITERAL_NULL_CONVERSION = YES;
				CLANG_WARN_OBJC_IMPLICIT_RETAIN_SELF = YES;
				CLANG_WARN_OBJC_LITERAL_CONVERSION = YES;
				CLANG_WARN_OBJC_ROOT_CLASS = YES_ERROR;
				CLANG_WARN_RANGE_LOOP_ANALYSIS = YES;
				CLANG_WARN_STRICT_PROTOTYPES = YES;
				CLANG_WARN_SUSPICIOUS_MOVE = YES;
				CLANG_WARN_UNGUARDED_AVAILABILITY = YES_AGGRESSIVE;
				CLANG_WARN_UNREACHABLE_CODE = YES;
				CLANG_WARN__DUPLICATE_METHOD_MATCH = YES;
				CODE_SIGN_IDENTITY = "iPhone Developer";
				COPY_PHASE_STRIP = NO;
				DEBUG_INFORMATION_FORMAT = "dwarf-with-dsym";
				ENABLE_NS_ASSERTIONS = NO;
				ENABLE_STRICT_OBJC_MSGSEND = YES;
				GCC_C_LANGUAGE_STANDARD = gnu11;
				GCC_NO_COMMON_BLOCKS = YES;
				GCC_WARN_64_TO_32_BIT_CONVERSION = YES;
				GCC_WARN_ABOUT_RETURN_TYPE = YES_ERROR;
				GCC_WARN_UNDECLARED_SELECTOR = YES;
				GCC_WARN_UNINITIALIZED_AUTOS = YES_AGGRESSIVE;
				GCC_WARN_UNUSED_FUNCTION = YES;
				GCC_WARN_UNUSED_VARIABLE = YES;
				IPHONEOS_DEPLOYMENT_TARGET = 11.3;
				MTL_ENABLE_DEBUG_INFO = NO;
				SDKROOT = iphoneos;
				SWIFT_COMPILATION_MODE = wholemodule;
				SWIFT_OPTIMIZATION_LEVEL = "-O";
				VALIDATE_PRODUCT = YES;
			};
			name = Release;
		};
		335A851320D8FF920059EDDE /* Debug */ = {
			isa = XCBuildConfiguration;
			baseConfigurationReference = 0FC2FAD42420E227DE1F94DB /* Pods-ExamenRecu.debug.xcconfig */;
			buildSettings = {
				ASSETCATALOG_COMPILER_APPICON_NAME = AppIcon;
				CODE_SIGN_STYLE = Automatic;
				INFOPLIST_FILE = ExamenRecu/Info.plist;
				LD_RUNPATH_SEARCH_PATHS = "$(inherited) @executable_path/Frameworks";
				PRODUCT_BUNDLE_IDENTIFIER = recu.ExamenRecu;
				PRODUCT_NAME = "$(TARGET_NAME)";
				SWIFT_VERSION = 4.0;
				TARGETED_DEVICE_FAMILY = "1,2";
			};
			name = Debug;
		};
		335A851420D8FF920059EDDE /* Release */ = {
			isa = XCBuildConfiguration;
			baseConfigurationReference = 89F7BEE929ACF4109B8A0449 /* Pods-ExamenRecu.release.xcconfig */;
			buildSettings = {
				ASSETCATALOG_COMPILER_APPICON_NAME = AppIcon;
				CODE_SIGN_STYLE = Automatic;
				INFOPLIST_FILE = ExamenRecu/Info.plist;
				LD_RUNPATH_SEARCH_PATHS = "$(inherited) @executable_path/Frameworks";
				PRODUCT_BUNDLE_IDENTIFIER = recu.ExamenRecu;
				PRODUCT_NAME = "$(TARGET_NAME)";
				SWIFT_VERSION = 4.0;
				TARGETED_DEVICE_FAMILY = "1,2";
			};
			name = Release;
		};
		335A851620D8FF920059EDDE /* Debug */ = {
			isa = XCBuildConfiguration;
			baseConfigurationReference = 96ED6ED30EA522EC6841BDAF /* Pods-ExamenRecuTests.debug.xcconfig */;
			buildSettings = {
				ALWAYS_EMBED_SWIFT_STANDARD_LIBRARIES = YES;
				BUNDLE_LOADER = "$(TEST_HOST)";
				CODE_SIGN_STYLE = Automatic;
				INFOPLIST_FILE = ExamenRecuTests/Info.plist;
				LD_RUNPATH_SEARCH_PATHS = "$(inherited) @executable_path/Frameworks @loader_path/Frameworks";
				PRODUCT_BUNDLE_IDENTIFIER = recu.ExamenRecuTests;
				PRODUCT_NAME = "$(TARGET_NAME)";
				SWIFT_VERSION = 4.0;
				TARGETED_DEVICE_FAMILY = "1,2";
				TEST_HOST = "$(BUILT_PRODUCTS_DIR)/ExamenRecu.app/ExamenRecu";
			};
			name = Debug;
		};
		335A851720D8FF920059EDDE /* Release */ = {
			isa = XCBuildConfiguration;
			baseConfigurationReference = 772CF02D7125FED962ADC187 /* Pods-ExamenRecuTests.release.xcconfig */;
			buildSettings = {
				ALWAYS_EMBED_SWIFT_STANDARD_LIBRARIES = YES;
				BUNDLE_LOADER = "$(TEST_HOST)";
				CODE_SIGN_STYLE = Automatic;
				INFOPLIST_FILE = ExamenRecuTests/Info.plist;
				LD_RUNPATH_SEARCH_PATHS = "$(inherited) @executable_path/Frameworks @loader_path/Frameworks";
				PRODUCT_BUNDLE_IDENTIFIER = recu.ExamenRecuTests;
				PRODUCT_NAME = "$(TARGET_NAME)";
				SWIFT_VERSION = 4.0;
				TARGETED_DEVICE_FAMILY = "1,2";
				TEST_HOST = "$(BUILT_PRODUCTS_DIR)/ExamenRecu.app/ExamenRecu";
			};
			name = Release;
		};
		335A851920D8FF920059EDDE /* Debug */ = {
			isa = XCBuildConfiguration;
			baseConfigurationReference = 63ADEDEA3C7714226B51D68D /* Pods-ExamenRecuUITests.debug.xcconfig */;
			buildSettings = {
				ALWAYS_EMBED_SWIFT_STANDARD_LIBRARIES = YES;
				CODE_SIGN_STYLE = Automatic;
				INFOPLIST_FILE = ExamenRecuUITests/Info.plist;
				LD_RUNPATH_SEARCH_PATHS = "$(inherited) @executable_path/Frameworks @loader_path/Frameworks";
				PRODUCT_BUNDLE_IDENTIFIER = recu.ExamenRecuUITests;
				PRODUCT_NAME = "$(TARGET_NAME)";
				SWIFT_VERSION = 4.0;
				TARGETED_DEVICE_FAMILY = "1,2";
				TEST_TARGET_NAME = ExamenRecu;
			};
			name = Debug;
		};
		335A851A20D8FF920059EDDE /* Release */ = {
			isa = XCBuildConfiguration;
			baseConfigurationReference = B638CBBB29CB20558729770F /* Pods-ExamenRecuUITests.release.xcconfig */;
			buildSettings = {
				ALWAYS_EMBED_SWIFT_STANDARD_LIBRARIES = YES;
				CODE_SIGN_STYLE = Automatic;
				INFOPLIST_FILE = ExamenRecuUITests/Info.plist;
				LD_RUNPATH_SEARCH_PATHS = "$(inherited) @executable_path/Frameworks @loader_path/Frameworks";
				PRODUCT_BUNDLE_IDENTIFIER = recu.ExamenRecuUITests;
				PRODUCT_NAME = "$(TARGET_NAME)";
				SWIFT_VERSION = 4.0;
				TARGETED_DEVICE_FAMILY = "1,2";
				TEST_TARGET_NAME = ExamenRecu;
			};
			name = Release;
		};
/* End XCBuildConfiguration section */

/* Begin XCConfigurationList section */
		335A84E520D8FF910059EDDE /* Build configuration list for PBXProject "ExamenRecu" */ = {
			isa = XCConfigurationList;
			buildConfigurations = (
				335A851020D8FF920059EDDE /* Debug */,
				335A851120D8FF920059EDDE /* Release */,
			);
			defaultConfigurationIsVisible = 0;
			defaultConfigurationName = Release;
		};
		335A851220D8FF920059EDDE /* Build configuration list for PBXNativeTarget "ExamenRecu" */ = {
			isa = XCConfigurationList;
			buildConfigurations = (
				335A851320D8FF920059EDDE /* Debug */,
				335A851420D8FF920059EDDE /* Release */,
			);
			defaultConfigurationIsVisible = 0;
			defaultConfigurationName = Release;
		};
		335A851520D8FF920059EDDE /* Build configuration list for PBXNativeTarget "ExamenRecuTests" */ = {
			isa = XCConfigurationList;
			buildConfigurations = (
				335A851620D8FF920059EDDE /* Debug */,
				335A851720D8FF920059EDDE /* Release */,
			);
			defaultConfigurationIsVisible = 0;
			defaultConfigurationName = Release;
		};
		335A851820D8FF920059EDDE /* Build configuration list for PBXNativeTarget "ExamenRecuUITests" */ = {
			isa = XCConfigurationList;
			buildConfigurations = (
				335A851920D8FF920059EDDE /* Debug */,
				335A851A20D8FF920059EDDE /* Release */,
			);
			defaultConfigurationIsVisible = 0;
			defaultConfigurationName = Release;
		};
/* End XCConfigurationList section */
	};
	rootObject = 335A84E220D8FF910059EDDE /* Project object */;
}
